
Microsoft Visual Studio Solution File, Format Version 12.00
# Visual Studio Version 17
VisualStudioVersion = 17.10.35013.160
MinimumVisualStudioVersion = 10.0.40219.1
Project("{FAE04EC0-301F-11D3-BF4B-00C04F79EFBC}") = "BasicStatsCommandLine App", "BasicStatsCommandLine App.csproj", "{B5724CF4-226B-4843-98DC-DEDC58426C81}"
EndProject
Global
	GlobalSection(SolutionConfigurationPlatforms) = preSolution
		Debug|Any CPU = Debug|Any CPU
		Release|Any CPU = Release|Any CPU
	EndGlobalSection
	GlobalSection(ProjectConfigurationPlatforms) = postSolution
		{B5724CF4-226B-4843-98DC-DEDC58426C81}.Debug|Any CPU.ActiveCfg = Debug|Any CPU
		{B5724CF4-226B-4843-98DC-DEDC58426C81}.Debug|Any CPU.Build.0 = Debug|Any CPU
		{B5724CF4-226B-4843-98DC-DEDC58426C81}.Release|Any CPU.ActiveCfg = Release|Any CPU
		{B5724CF4-226B-4843-98DC-DEDC58426C81}.Release|Any CPU.Build.0 = Release|Any CPU
	EndGlobalSection
	GlobalSection(SolutionProperties) = preSolution
		HideSolutionNode = FALSE
	EndGlobalSection
	GlobalSection(ExtensibilityGlobals) = postSolution
		SolutionGuid = {B6EE6B9E-6F2A-4710-AC32-BE1A7B64EF63}
	EndGlobalSection
EndGlobal
